
Microsoft Visual Studio Solution File, Format Version 12.00
# Visual Studio Version 17
VisualStudioVersion = 17.9.34728.123
MinimumVisualStudioVersion = 10.0.40219.1
Project("{9A19103F-16F7-4668-BE54-9A1E7A4F7556}") = "Kurtosys_Technical_Assessment", "Kurtosys_Technical_Assessment\Kurtosys_Technical_Assessment.csproj", "{32C25130-20E5-4A40-A719-776CDF9A270F}"
EndProject
Project("{FAE04EC0-301F-11D3-BF4B-00C04F79EFBC}") = "API_WebServices", "API_WebServices\API_WebServices.csproj", "{0F98E177-2291-4C97-A360-F4E9BDD799C4}"
EndProject
Global
	GlobalSection(SolutionConfigurationPlatforms) = preSolution
		Debug|Any CPU = Debug|Any CPU
		Release|Any CPU = Release|Any CPU
	EndGlobalSection
	GlobalSection(ProjectConfigurationPlatforms) = postSolution
		{32C25130-20E5-4A40-A719-776CDF9A270F}.Debug|Any CPU.ActiveCfg = Debug|Any CPU
		{32C25130-20E5-4A40-A719-776CDF9A270F}.Debug|Any CPU.Build.0 = Debug|Any CPU
		{32C25130-20E5-4A40-A719-776CDF9A270F}.Release|Any CPU.ActiveCfg = Release|Any CPU
		{32C25130-20E5-4A40-A719-776CDF9A270F}.Release|Any CPU.Build.0 = Release|Any CPU
		{0F98E177-2291-4C97-A360-F4E9BDD799C4}.Debug|Any CPU.ActiveCfg = Debug|Any CPU
		{0F98E177-2291-4C97-A360-F4E9BDD799C4}.Debug|Any CPU.Build.0 = Debug|Any CPU
		{0F98E177-2291-4C97-A360-F4E9BDD799C4}.Release|Any CPU.ActiveCfg = Release|Any CPU
		{0F98E177-2291-4C97-A360-F4E9BDD799C4}.Release|Any CPU.Build.0 = Release|Any CPU
	EndGlobalSection
	GlobalSection(SolutionProperties) = preSolution
		HideSolutionNode = FALSE
	EndGlobalSection
	GlobalSection(ExtensibilityGlobals) = postSolution
		SolutionGuid = {0E352AA4-BC55-417D-9359-5EA48FF15369}
	EndGlobalSection
EndGlobal
